<?xml version="1.0" encoding="utf-8"?>
<Project ToolsVersion="4.0" xmlns="http://schemas.microsoft.com/developer/msbuild/2003">
  <ItemGroup>
    <Filter Include="源文件">
      <UniqueIdentifier>{4FC737F1-C7A5-4376-A066-2A32D752A2FF}</UniqueIdentifier>
      <Extensions>cpp;c;cc;cxx;c++;def;odl;idl;hpj;bat;asm;asmx</Extensions>
    </Filter>
    <Filter Include="头文件">
      <UniqueIdentifier>{93995380-89BD-4b04-88EB-625FBE52EBFB}</UniqueIdentifier>
      <Extensions>h;hh;hpp;hxx;h++;hm;inl;inc;ipp;xsd</Extensions>
    </Filter>
    <Filter Include="资源文件">
      <UniqueIdentifier>{67DA6AB6-F800-4c08-8B7A-83BB121AAD01}</UniqueIdentifier>
      <Extensions>rc;ico;cur;bmp;dlg;rc2;rct;bin;rgs;gif;jpg;jpeg;jpe;resx;tiff;tif;png;wav;mfcribbon-ms</Extensions>
    </Filter>
  </ItemGroup>
  <ItemGroup>
    <ClCompile Include="te.cpp">
      <Filter>源文件</Filter>
    </ClCompile>
    <ClCompile Include="align_base.cpp">
      <Filter>源文件</Filter>
    </ClCompile>
    <ClCompile Include="Vector.cpp">
      <Filter>源文件</Filter>
    </ClCompile>
    <ClCompile Include="PQXElement.cpp">
      <Filter>源文件</Filter>
    </ClCompile>
    <ClCompile Include="Angle.cpp">
      <Filter>源文件</Filter>
    </ClCompile>
    <ClCompile Include="Straight.cpp">
      <Filter>源文件</Filter>
    </ClCompile>
    <ClCompile Include="Arc.cpp">
      <Filter>源文件</Filter>
    </ClCompile>
    <ClCompile Include="Sprial.cpp">
      <Filter>源文件</Filter>
    </ClCompile>
    <ClCompile Include="PQX.cpp">
      <Filter>源文件</Filter>
    </ClCompile>
    <ClCompile Include="SQX.cpp">
      <Filter>源文件</Filter>
    </ClCompile>
    <ClCompile Include="base.cpp">
      <Filter>源文件</Filter>
    </ClCompile>
  </ItemGroup>
  <ItemGroup>
    <ClInclude Include="Vector.h">
      <Filter>头文件</Filter>
    </ClInclude>
    <ClInclude Include="PQXElement.h">
      <Filter>头文件</Filter>
    </ClInclude>
    <ClInclude Include="Angle.h">
      <Filter>头文件</Filter>
    </ClInclude>
    <ClInclude Include="Straight.h">
      <Filter>头文件</Filter>
    </ClInclude>
    <ClInclude Include="export.h">
      <Filter>头文件</Filter>
    </ClInclude>
    <ClInclude Include="Arc.h">
      <Filter>头文件</Filter>
    </ClInclude>
    <ClInclude Include="Sprial.h">
      <Filter>头文件</Filter>
    </ClInclude>
    <ClInclude Include="PQX.h">
      <Filter>头文件</Filter>
    </ClInclude>
    <ClInclude Include="SQX.h">
      <Filter>头文件</Filter>
    </ClInclude>
    <ClInclude Include="base.h">
      <Filter>头文件</Filter>
    </ClInclude>
  </ItemGroup>
</Project>